
Microsoft Visual Studio Solution File, Format Version 12.00
# Visual Studio Version 17
VisualStudioVersion = 17.14.36705.20 d17.14
MinimumVisualStudioVersion = 10.0.40219.1
Project("{FAE04EC0-301F-11D3-BF4B-00C04F79EFBC}") = "SampleSnippetTool", "SampleSnippetTool\SampleSnippetTool.csproj", "{4108A257-3591-1727-7D2E-87D029463A73}"
EndProject
Global
	GlobalSection(SolutionConfigurationPlatforms) = preSolution
		Debug|Any CPU = Debug|Any CPU
		Release|Any CPU = Release|Any CPU
	EndGlobalSection
	GlobalSection(ProjectConfigurationPlatforms) = postSolution
		{4108A257-3591-1727-7D2E-87D029463A73}.Debug|Any CPU.ActiveCfg = Debug|Any CPU
		{4108A257-3591-1727-7D2E-87D029463A73}.Debug|Any CPU.Build.0 = Debug|Any CPU
		{4108A257-3591-1727-7D2E-87D029463A73}.Release|Any CPU.ActiveCfg = Release|Any CPU
		{4108A257-3591-1727-7D2E-87D029463A73}.Release|Any CPU.Build.0 = Release|Any CPU
	EndGlobalSection
	GlobalSection(SolutionProperties) = preSolution
		HideSolutionNode = FALSE
	EndGlobalSection
	GlobalSection(ExtensibilityGlobals) = postSolution
		SolutionGuid = {03F624D9-7EA1-423E-A89C-A751AC07A6F5}
	EndGlobalSection
EndGlobal
